
Microsoft Visual Studio Solution File, Format Version 12.00
# Visual Studio 15
VisualStudioVersion = 15.0.27428.2037
MinimumVisualStudioVersion = 10.0.40219.1
Project("{FAE04EC0-301F-11D3-BF4B-00C04F79EFBC}") = "Vidly", "Vidly\Vidly.csproj", "{075E40DD-C268-4716-B12D-DAEC86B8898C}"
EndProject
Global
	GlobalSection(SolutionConfigurationPlatforms) = preSolution
		Debug|Any CPU = Debug|Any CPU
		Release|Any CPU = Release|Any CPU
	EndGlobalSection
	GlobalSection(ProjectConfigurationPlatforms) = postSolution
		{075E40DD-C268-4716-B12D-DAEC86B8898C}.Debug|Any CPU.ActiveCfg = Debug|Any CPU
		{075E40DD-C268-4716-B12D-DAEC86B8898C}.Debug|Any CPU.Build.0 = Debug|Any CPU
		{075E40DD-C268-4716-B12D-DAEC86B8898C}.Release|Any CPU.ActiveCfg = Release|Any CPU
		{075E40DD-C268-4716-B12D-DAEC86B8898C}.Release|Any CPU.Build.0 = Release|Any CPU
	EndGlobalSection
	GlobalSection(SolutionProperties) = preSolution
		HideSolutionNode = FALSE
	EndGlobalSection
	GlobalSection(ExtensibilityGlobals) = postSolution
		SolutionGuid = {E05CBBD9-884D-450C-9984-E0720451A074}
	EndGlobalSection
EndGlobal
